
Microsoft Visual Studio Solution File, Format Version 12.00
# Visual Studio Version 16
VisualStudioVersion = 16.0.29728.190
MinimumVisualStudioVersion = 10.0.40219.1
Project("{FAE04EC0-301F-11D3-BF4B-00C04F79EFBC}") = "ManjuCoinsPuzzle", "ManjuCoinsPuzzle\ManjuCoinsPuzzle.csproj", "{081ED693-AEDC-4715-83B2-5ED06A34E6FC}"
EndProject
Global
	GlobalSection(SolutionConfigurationPlatforms) = preSolution
		Debug|Any CPU = Debug|Any CPU
		Release|Any CPU = Release|Any CPU
	EndGlobalSection
	GlobalSection(ProjectConfigurationPlatforms) = postSolution
		{081ED693-AEDC-4715-83B2-5ED06A34E6FC}.Debug|Any CPU.ActiveCfg = Debug|Any CPU
		{081ED693-AEDC-4715-83B2-5ED06A34E6FC}.Debug|Any CPU.Build.0 = Debug|Any CPU
		{081ED693-AEDC-4715-83B2-5ED06A34E6FC}.Release|Any CPU.ActiveCfg = Release|Any CPU
		{081ED693-AEDC-4715-83B2-5ED06A34E6FC}.Release|Any CPU.Build.0 = Release|Any CPU
	EndGlobalSection
	GlobalSection(SolutionProperties) = preSolution
		HideSolutionNode = FALSE
	EndGlobalSection
	GlobalSection(ExtensibilityGlobals) = postSolution
		SolutionGuid = {467317ED-F31B-4C4B-9E9C-E2B91B792414}
	EndGlobalSection
EndGlobal
